# This file is automatically @generated by pesde.
# It is not intended for manual editing.
format = 2
name = "spektr/aether"
version = "0.0.1"
target = "roblox"

[workspace."spektr/icon"]
roblox = "src/Icon"

[workspace."spektr/virtual"]
roblox = "packages/virtual"

[workspace."spektr/zune_host"]
luau = "hosts/zune"

[graph."spektr/virtual@0.0.1 roblox"]
direct = ["Virtual", { workspace = "spektr/virtual", version = "^" }, "standard"]

[graph."spektr/virtual@0.0.1 roblox".pkg_ref]
ref_ty = "workspace"
path = "packages/virtual"

[graph."wally#centau/vide@0.4.1 roblox"]
direct = ["vide", { wally = "wally#centau/vide", version = "^0.4.0", index = "default" }, "standard"]

[graph."wally#centau/vide@0.4.1 roblox".pkg_ref]
ref_ty = "wally"
index_url = "https://github.com/UpliftGames/wally-index"
