# This file is automatically @generated by pesde.
# It is not intended for manual editing.
format = 2
name = "spektr/examples_interaction"
version = "0.0.1"
target = "roblox"

[graph."centau/vide@0.0.0-730e7398fc80d6b26b7aa0c761960498283850db roblox"]
direct = ["vide", { repo = "https://github.com/es9-dev/vide", rev = "caa0d6dd42ea882f5e27af379b504eb428014aab" }, "standard"]

[graph."centau/vide@0.0.0-730e7398fc80d6b26b7aa0c761960498283850db roblox".pkg_ref]
ref_ty = "git"
repo = "https://github.com/es9-dev/vide"
tree_id = "730e7398fc80d6b26b7aa0c761960498283850db"
new_structure = true

[graph."spektr/aether@0.0.0-f7d9fb11ad257b5a9b137ceb5655825561e8dc5f roblox"]
direct = ["aether", { repo = "https://github.com/project-aether-ui/aether", rev = "f9ae9ba9c549fdcacf8c5214651ba1d6337baa53" }, "standard"]

[graph."spektr/aether@0.0.0-f7d9fb11ad257b5a9b137ceb5655825561e8dc5f roblox".dependencies]
vide = ["centau/vide@0.0.0-730e7398fc80d6b26b7aa0c761960498283850db roblox", "peer"]
Virtual = ["spektr/virtual@0.0.0-b956a128e07be89ff24225f8870a06741c79a993 roblox", "standard"]

[graph."spektr/aether@0.0.0-f7d9fb11ad257b5a9b137ceb5655825561e8dc5f roblox".pkg_ref]
ref_ty = "git"
repo = "https://github.com/project-aether-ui/aether"
tree_id = "f7d9fb11ad257b5a9b137ceb5655825561e8dc5f"
new_structure = true

[graph."spektr/aether@0.0.0-f7d9fb11ad257b5a9b137ceb5655825561e8dc5f roblox".pkg_ref.dependencies]
vide = [{ repo = "https://github.com/es9-dev/vide", rev = "caa0d6dd42ea882f5e27af379b504eb428014aab" }, "peer"]
Virtual = [{ repo = "https://github.com/project-aether-ui/aether", rev = "f9ae9ba9c549fdcacf8c5214651ba1d6337baa53", path = "packages/virtual" }, "standard"]

[graph."spektr/virtual@0.0.0-b956a128e07be89ff24225f8870a06741c79a993 roblox".pkg_ref]
ref_ty = "git"
repo = "https://github.com/project-aether-ui/aether"
tree_id = "b956a128e07be89ff24225f8870a06741c79a993"
new_structure = true
